
Microsoft Visual Studio Solution File, Format Version 12.00
# Visual Studio Version 16
VisualStudioVersion = 16.0.30002.166
MinimumVisualStudioVersion = 10.0.40219.1
Project("{FAE04EC0-301F-11D3-BF4B-00C04F79EFBC}") = "log4net_study", "log4net_study\log4net_study.csproj", "{5451860E-8B46-4FF8-BC91-DF785BBB9298}"
EndProject
Global
	GlobalSection(SolutionConfigurationPlatforms) = preSolution
		Debug|Any CPU = Debug|Any CPU
		Release|Any CPU = Release|Any CPU
	EndGlobalSection
	GlobalSection(ProjectConfigurationPlatforms) = postSolution
		{5451860E-8B46-4FF8-BC91-DF785BBB9298}.Debug|Any CPU.ActiveCfg = Debug|Any CPU
		{5451860E-8B46-4FF8-BC91-DF785BBB9298}.Debug|Any CPU.Build.0 = Debug|Any CPU
		{5451860E-8B46-4FF8-BC91-DF785BBB9298}.Release|Any CPU.ActiveCfg = Release|Any CPU
		{5451860E-8B46-4FF8-BC91-DF785BBB9298}.Release|Any CPU.Build.0 = Release|Any CPU
	EndGlobalSection
	GlobalSection(SolutionProperties) = preSolution
		HideSolutionNode = FALSE
	EndGlobalSection
	GlobalSection(ExtensibilityGlobals) = postSolution
		SolutionGuid = {10067D5C-9A9F-4D74-B9E5-1C64CC85247D}
	EndGlobalSection
EndGlobal
